
Microsoft Visual Studio Solution File, Format Version 12.00
# Visual Studio 15
VisualStudioVersion = 15.0.27703.2026
MinimumVisualStudioVersion = 10.0.40219.1
Project("{888888A0-9F3D-457C-B088-3A5042F75D52}") = "HowToUrlDowload", "HowToUrlDowload\HowToUrlDowload.pyproj", "{D55D8463-A565-47FE-921F-9D62D58310EF}"
EndProject
Global
	GlobalSection(SolutionConfigurationPlatforms) = preSolution
		Debug|Any CPU = Debug|Any CPU
		Release|Any CPU = Release|Any CPU
	EndGlobalSection
	GlobalSection(ProjectConfigurationPlatforms) = postSolution
		{D55D8463-A565-47FE-921F-9D62D58310EF}.Debug|Any CPU.ActiveCfg = Debug|Any CPU
		{D55D8463-A565-47FE-921F-9D62D58310EF}.Release|Any CPU.ActiveCfg = Release|Any CPU
	EndGlobalSection
	GlobalSection(SolutionProperties) = preSolution
		HideSolutionNode = FALSE
	EndGlobalSection
	GlobalSection(ExtensibilityGlobals) = postSolution
		SolutionGuid = {AEF57648-30BF-4844-BA97-BCF9003DDF54}
	EndGlobalSection
EndGlobal
